// !$*UTF8*$!
{
	archiveVersion = 1;
	classes = {
	};
	objectVersion = 51;
	objects = {

/* Begin PBXBuildFile section */
		764FEC76231FD39A000E6BC1 /* AppDelegate.swift in Sources */ = {isa = PBXBuildFile; fileRef = 764FEC75231FD39A000E6BC1 /* AppDelegate.swift */; };
		764FEC78231FD39A000E6BC1 /* FilmsVC.swift in Sources */ = {isa = PBXBuildFile; fileRef = 764FEC77231FD39A000E6BC1 /* FilmsVC.swift */; };
		764FEC7B231FD39A000E6BC1 /* Main.storyboard in Resources */ = {isa = PBXBuildFile; fileRef = 764FEC79231FD39A000E6BC1 /* Main.storyboard */; };
		764FEC7D231FD39C000E6BC1 /* Assets.xcassets in Resources */ = {isa = PBXBuildFile; fileRef = 764FEC7C231FD39C000E6BC1 /* Assets.xcassets */; };
		764FEC80231FD39C000E6BC1 /* LaunchScreen.storyboard in Resources */ = {isa = PBXBuildFile; fileRef = 764FEC7E231FD39C000E6BC1 /* LaunchScreen.storyboard */; };
		764FEC8F231FDCBB000E6BC1 /* Film.swift in Sources */ = {isa = PBXBuildFile; fileRef = 764FEC8E231FDCBB000E6BC1 /* Film.swift */; };
		764FEC93231FE049000E6BC1 /* Alamofire.framework in Frameworks */ = {isa = PBXBuildFile; fileRef = 764FEC92231FE049000E6BC1 /* Alamofire.framework */; };
		764FEC9523202B1B000E6BC1 /* FilmsTVC.swift in Sources */ = {isa = PBXBuildFile; fileRef = 764FEC9423202B1B000E6BC1 /* FilmsTVC.swift */; };
		764FEC9723211507000E6BC1 /* FilmsDetailVC.swift in Sources */ = {isa = PBXBuildFile; fileRef = 764FEC9623211507000E6BC1 /* FilmsDetailVC.swift */; };
		764FEC9923213158000E6BC1 /* CharactersTVC.swift in Sources */ = {isa = PBXBuildFile; fileRef = 764FEC9823213158000E6BC1 /* CharactersTVC.swift */; };
		764FEC9B23213406000E6BC1 /* Character.swift in Sources */ = {isa = PBXBuildFile; fileRef = 764FEC9A23213406000E6BC1 /* Character.swift */; };
		867A7F077093D1D4A2950CB3 /* Pods_StarWarsMovies.framework in Frameworks */ = {isa = PBXBuildFile; fileRef = 731A0D8F1306FA8542539D33 /* Pods_StarWarsMovies.framework */; };
/* End PBXBuildFile section */

/* Begin PBXFileReference section */
		731A0D8F1306FA8542539D33 /* Pods_StarWarsMovies.framework */ = {isa = PBXFileReference; explicitFileType = wrapper.framework; includeInIndex = 0; path = Pods_StarWarsMovies.framework; sourceTree = BUILT_PRODUCTS_DIR; };
		764FEC72231FD39A000E6BC1 /* StarWarsMovies.app */ = {isa = PBXFileReference; explicitFileType = wrapper.application; includeInIndex = 0; path = StarWarsMovies.app; sourceTree = BUILT_PRODUCTS_DIR; };
		764FEC75231FD39A000E6BC1 /* AppDelegate.swift */ = {isa = PBXFileReference; lastKnownFileType = sourcecode.swift; path = AppDelegate.swift; sourceTree = "<group>"; };
		764FEC77231FD39A000E6BC1 /* FilmsVC.swift */ = {isa = PBXFileReference; lastKnownFileType = sourcecode.swift; path = FilmsVC.swift; sourceTree = "<group>"; };
		764FEC7A231FD39A000E6BC1 /* Base */ = {isa = PBXFileReference; lastKnownFileType = file.storyboard; name = Base; path = Base.lproj/Main.storyboard; sourceTree = "<group>"; };
		764FEC7C231FD39C000E6BC1 /* Assets.xcassets */ = {isa = PBXFileReference; lastKnownFileType = folder.assetcatalog; path = Assets.xcassets; sourceTree = "<group>"; };
		764FEC7F231FD39C000E6BC1 /* Base */ = {isa = PBXFileReference; lastKnownFileType = file.storyboard; name = Base; path = Base.lproj/LaunchScreen.storyboard; sourceTree = "<group>"; };
		764FEC81231FD39C000E6BC1 /* Info.plist */ = {isa = PBXFileReference; lastKnownFileType = text.plist.xml; path = Info.plist; sourceTree = "<group>"; };
		764FEC8E231FDCBB000E6BC1 /* Film.swift */ = {isa = PBXFileReference; lastKnownFileType = sourcecode.swift; path = Film.swift; sourceTree = "<group>"; };
		764FEC90231FE037000E6BC1 /* AwesomeCache.framework */ = {isa = PBXFileReference; explicitFileType = wrapper.framework; path = AwesomeCache.framework; sourceTree = BUILT_PRODUCTS_DIR; };
		764FEC92231FE049000E6BC1 /* Alamofire.framework */ = {isa = PBXFileReference; explicitFileType = wrapper.framework; path = Alamofire.framework; sourceTree = BUILT_PRODUCTS_DIR; };
		764FEC9423202B1B000E6BC1 /* FilmsTVC.swift */ = {isa = PBXFileReference; lastKnownFileType = sourcecode.swift; path = FilmsTVC.swift; sourceTree = "<group>"; };
		764FEC9623211507000E6BC1 /* FilmsDetailVC.swift */ = {isa = PBXFileReference; lastKnownFileType = sourcecode.swift; path = FilmsDetailVC.swift; sourceTree = "<group>"; };
		764FEC9823213158000E6BC1 /* CharactersTVC.swift */ = {isa = PBXFileReference; lastKnownFileType = sourcecode.swift; path = CharactersTVC.swift; sourceTree = "<group>"; };
		764FEC9A23213406000E6BC1 /* Character.swift */ = {isa = PBXFileReference; lastKnownFileType = sourcecode.swift; path = Character.swift; sourceTree = "<group>"; };
		DC69A194D2AF370F27D9F79C /* Pods-StarWarsMovies.debug.xcconfig */ = {isa = PBXFileReference; includeInIndex = 1; lastKnownFileType = text.xcconfig; name = "Pods-StarWarsMovies.debug.xcconfig"; path = "Target Support Files/Pods-StarWarsMovies/Pods-StarWarsMovies.debug.xcconfig"; sourceTree = "<group>"; };
		FC7FF7FD14FF419F9D6EAA69 /* Pods-StarWarsMovies.release.xcconfig */ = {isa = PBXFileReference; includeInIndex = 1; lastKnownFileType = text.xcconfig; name = "Pods-StarWarsMovies.release.xcconfig"; path = "Target Support Files/Pods-StarWarsMovies/Pods-StarWarsMovies.release.xcconfig"; sourceTree = "<group>"; };
/* End PBXFileReference section */

/* Begin PBXFrameworksBuildPhase section */
		764FEC6F231FD39A000E6BC1 /* Frameworks */ = {
			isa = PBXFrameworksBuildPhase;
			buildActionMask = 2147483647;
			files = (
				764FEC93231FE049000E6BC1 /* Alamofire.framework in Frameworks */,
				867A7F077093D1D4A2950CB3 /* Pods_StarWarsMovies.framework in Frameworks */,
			);
			runOnlyForDeploymentPostprocessing = 0;
		};
/* End PBXFrameworksBuildPhase section */

/* Begin PBXGroup section */
		1047B558D5FB8CFC004BCFB7 /* Pods */ = {
			isa = PBXGroup;
			children = (
				DC69A194D2AF370F27D9F79C /* Pods-StarWarsMovies.debug.xcconfig */,
				FC7FF7FD14FF419F9D6EAA69 /* Pods-StarWarsMovies.release.xcconfig */,
			);
			path = Pods;
			sourceTree = "<group>";
		};
		764FEC69231FD39A000E6BC1 = {
			isa = PBXGroup;
			children = (
				764FEC74231FD39A000E6BC1 /* StarWarsMovies */,
				764FEC73231FD39A000E6BC1 /* Products */,
				1047B558D5FB8CFC004BCFB7 /* Pods */,
				950A61AE9C0A48E49D91F35F /* Frameworks */,
			);
			sourceTree = "<group>";
		};
		764FEC73231FD39A000E6BC1 /* Products */ = {
			isa = PBXGroup;
			children = (
				764FEC72231FD39A000E6BC1 /* StarWarsMovies.app */,
			);
			name = Products;
			sourceTree = "<group>";
		};
		764FEC74231FD39A000E6BC1 /* StarWarsMovies */ = {
			isa = PBXGroup;
			children = (
				764FEC89231FD481000E6BC1 /* Models */,
				764FEC88231FD47B000E6BC1 /* Views */,
				764FEC87231FD46E000E6BC1 /* Controllers */,
				764FEC7C231FD39C000E6BC1 /* Assets.xcassets */,
				764FEC75231FD39A000E6BC1 /* AppDelegate.swift */,
				764FEC81231FD39C000E6BC1 /* Info.plist */,
			);
			path = StarWarsMovies;
			sourceTree = "<group>";
		};
		764FEC87231FD46E000E6BC1 /* Controllers */ = {
			isa = PBXGroup;
			children = (
				764FEC77231FD39A000E6BC1 /* FilmsVC.swift */,
				764FEC9623211507000E6BC1 /* FilmsDetailVC.swift */,
			);
			path = Controllers;
			sourceTree = "<group>";
		};
		764FEC88231FD47B000E6BC1 /* Views */ = {
			isa = PBXGroup;
			children = (
				F1E9B50127105A2B000F9181 /* Storyboards */,
				764FEC9423202B1B000E6BC1 /* FilmsTVC.swift */,
				764FEC9823213158000E6BC1 /* CharactersTVC.swift */,
			);
			path = Views;
			sourceTree = "<group>";
		};
		764FEC89231FD481000E6BC1 /* Models */ = {
			isa = PBXGroup;
			children = (
				764FEC8E231FDCBB000E6BC1 /* Film.swift */,
				764FEC9A23213406000E6BC1 /* Character.swift */,
			);
			path = Models;
			sourceTree = "<group>";
		};
		950A61AE9C0A48E49D91F35F /* Frameworks */ = {
			isa = PBXGroup;
			children = (
				764FEC92231FE049000E6BC1 /* Alamofire.framework */,
				764FEC90231FE037000E6BC1 /* AwesomeCache.framework */,
				731A0D8F1306FA8542539D33 /* Pods_StarWarsMovies.framework */,
			);
			name = Frameworks;
			sourceTree = "<group>";
		};
		F1E9B50127105A2B000F9181 /* Storyboards */ = {
			isa = PBXGroup;
			children = (
				764FEC79231FD39A000E6BC1 /* Main.storyboard */,
				764FEC7E231FD39C000E6BC1 /* LaunchScreen.storyboard */,
			);
			path = Storyboards;
			sourceTree = "<group>";
		};
/* End PBXGroup section */

/* Begin PBXNativeTarget section */
		764FEC71231FD39A000E6BC1 /* StarWarsMovies */ = {
			isa = PBXNativeTarget;
			buildConfigurationList = 764FEC84231FD39C000E6BC1 /* Build configuration list for PBXNativeTarget "StarWarsMovies" */;
			buildPhases = (
				23C60BBFD939AF410952DC8D /* [CP] Check Pods Manifest.lock */,
				764FEC6E231FD39A000E6BC1 /* Sources */,
				764FEC6F231FD39A000E6BC1 /* Frameworks */,
				764FEC70231FD39A000E6BC1 /* Resources */,
				FAA725F195CACDB668BCF684 /* [CP] Embed Pods Frameworks */,
			);
			buildRules = (
			);
			dependencies = (
			);
			name = StarWarsMovies;
			productName = StarWarsMovies;
			productReference = 764FEC72231FD39A000E6BC1 /* StarWarsMovies.app */;
			productType = "com.apple.product-type.application";
		};
/* End PBXNativeTarget section */

/* Begin PBXProject section */
		764FEC6A231FD39A000E6BC1 /* Project object */ = {
			isa = PBXProject;
			attributes = {
				LastSwiftUpdateCheck = 1030;
				LastUpgradeCheck = 1030;
				ORGANIZATIONNAME = "Coding Homies";
				TargetAttributes = {
					764FEC71231FD39A000E6BC1 = {
						CreatedOnToolsVersion = 10.3;
					};
				};
			};
			buildConfigurationList = 764FEC6D231FD39A000E6BC1 /* Build configuration list for PBXProject "StarWarsMovies" */;
			compatibilityVersion = "Xcode 9.3";
			developmentRegion = en;
			hasScannedForEncodings = 0;
			knownRegions = (
				en,
				Base,
			);
			mainGroup = 764FEC69231FD39A000E6BC1;
			productRefGroup = 764FEC73231FD39A000E6BC1 /* Products */;
			projectDirPath = "";
			projectRoot = "";
			targets = (
				764FEC71231FD39A000E6BC1 /* StarWarsMovies */,
			);
		};
/* End PBXProject section */

/* Begin PBXResourcesBuildPhase section */
		764FEC70231FD39A000E6BC1 /* Resources */ = {
			isa = PBXResourcesBuildPhase;
			buildActionMask = 2147483647;
			files = (
				764FEC80231FD39C000E6BC1 /* LaunchScreen.storyboard in Resources */,
				764FEC7D231FD39C000E6BC1 /* Assets.xcassets in Resources */,
				764FEC7B231FD39A000E6BC1 /* Main.storyboard in Resources */,
			);
			runOnlyForDeploymentPostprocessing = 0;
		};
/* End PBXResourcesBuildPhase section */

/* Begin PBXShellScriptBuildPhase section */
		23C60BBFD939AF410952DC8D /* [CP] Check Pods Manifest.lock */ = {
			isa = PBXShellScriptBuildPhase;
			buildActionMask = 2147483647;
			files = (
			);
			inputFileListPaths = (
			);
			inputPaths = (
				"${PODS_PODFILE_DIR_PATH}/Podfile.lock",
				"${PODS_ROOT}/Manifest.lock",
			);
			name = "[CP] Check Pods Manifest.lock";
			outputFileListPaths = (
			);
			outputPaths = (
				"$(DERIVED_FILE_DIR)/Pods-StarWarsMovies-checkManifestLockResult.txt",
			);
			runOnlyForDeploymentPostprocessing = 0;
			shellPath = /bin/sh;
			shellScript = "diff \"${PODS_PODFILE_DIR_PATH}/Podfile.lock\" \"${PODS_ROOT}/Manifest.lock\" > /dev/null\nif [ $? != 0 ] ; then\n    # print error to STDERR\n    echo \"error: The sandbox is not in sync with the Podfile.lock. Run 'pod install' or update your CocoaPods installation.\" >&2\n    exit 1\nfi\n# This output is used by Xcode 'outputs' to avoid re-running this script phase.\necho \"SUCCESS\" > \"${SCRIPT_OUTPUT_FILE_0}\"\n";
			showEnvVarsInLog = 0;
		};
		FAA725F195CACDB668BCF684 /* [CP] Embed Pods Frameworks */ = {
			isa = PBXShellScriptBuildPhase;
			buildActionMask = 2147483647;
			files = (
			);
			inputFileListPaths = (
				"${PODS_ROOT}/Target Support Files/Pods-StarWarsMovies/Pods-StarWarsMovies-frameworks-${CONFIGURATION}-input-files.xcfilelist",
			);
			name = "[CP] Embed Pods Frameworks";
			outputFileListPaths = (
				"${PODS_ROOT}/Target Support Files/Pods-StarWarsMovies/Pods-StarWarsMovies-frameworks-${CONFIGURATION}-output-files.xcfilelist",
			);
			runOnlyForDeploymentPostprocessing = 0;
			shellPath = /bin/sh;
			shellScript = "\"${PODS_ROOT}/Target Support Files/Pods-StarWarsMovies/Pods-StarWarsMovies-frameworks.sh\"\n";
			showEnvVarsInLog = 0;
		};
/* End PBXShellScriptBuildPhase section */

/* Begin PBXSourcesBuildPhase section */
		764FEC6E231FD39A000E6BC1 /* Sources */ = {
			isa = PBXSourcesBuildPhase;
			buildActionMask = 2147483647;
			files = (
				764FEC9723211507000E6BC1 /* FilmsDetailVC.swift in Sources */,
				764FEC8F231FDCBB000E6BC1 /* Film.swift in Sources */,
				764FEC9B23213406000E6BC1 /* Character.swift in Sources */,
				764FEC9523202B1B000E6BC1 /* FilmsTVC.swift in Sources */,
				764FEC9923213158000E6BC1 /* CharactersTVC.swift in Sources */,
				764FEC78231FD39A000E6BC1 /* FilmsVC.swift in Sources */,
				764FEC76231FD39A000E6BC1 /* AppDelegate.swift in Sources */,
			);
			runOnlyForDeploymentPostprocessing = 0;
		};
/* End PBXSourcesBuildPhase section */

/* Begin PBXVariantGroup section */
		764FEC79231FD39A000E6BC1 /* Main.storyboard */ = {
			isa = PBXVariantGroup;
			children = (
				764FEC7A231FD39A000E6BC1 /* Base */,
			);
			name = Main.storyboard;
			sourceTree = "<group>";
		};
		764FEC7E231FD39C000E6BC1 /* LaunchScreen.storyboard */ = {
			isa = PBXVariantGroup;
			children = (
				764FEC7F231FD39C000E6BC1 /* Base */,
			);
			name = LaunchScreen.storyboard;
			sourceTree = "<group>";
		};
/* End PBXVariantGroup section */

/* Begin XCBuildConfiguration section */
		764FEC82231FD39C000E6BC1 /* Debug */ = {
			isa = XCBuildConfiguration;
			buildSettings = {
				ALWAYS_SEARCH_USER_PATHS = NO;
				CLANG_ANALYZER_NONNULL = YES;
				CLANG_ANALYZER_NUMBER_OBJECT_CONVERSION = YES_AGGRESSIVE;
				CLANG_CXX_LANGUAGE_STANDARD = "gnu++14";
				CLANG_CXX_LIBRARY = "libc++";
				CLANG_ENABLE_MODULES = YES;
				CLANG_ENABLE_OBJC_ARC = YES;
				CLANG_ENABLE_OBJC_WEAK = YES;
				CLANG_WARN_BLOCK_CAPTURE_AUTORELEASING = YES;
				CLANG_WARN_BOOL_CONVERSION = YES;
				CLANG_WARN_COMMA = YES;
				CLANG_WARN_CONSTANT_CONVERSION = YES;
				CLANG_WARN_DEPRECATED_OBJC_IMPLEMENTATIONS = YES;
				CLANG_WARN_DIRECT_OBJC_ISA_USAGE = YES_ERROR;
				CLANG_WARN_DOCUMENTATION_COMMENTS = YES;
				CLANG_WARN_EMPTY_BODY = YES;
				CLANG_WARN_ENUM_CONVERSION = YES;
				CLANG_WARN_INFINITE_RECURSION = YES;
				CLANG_WARN_INT_CONVERSION = YES;
				CLANG_WARN_NON_LITERAL_NULL_CONVERSION = YES;
				CLANG_WARN_OBJC_IMPLICIT_RETAIN_SELF = YES;
				CLANG_WARN_OBJC_LITERAL_CONVERSION = YES;
				CLANG_WARN_OBJC_ROOT_CLASS = YES_ERROR;
				CLANG_WARN_RANGE_LOOP_ANALYSIS = YES;
				CLANG_WARN_STRICT_PROTOTYPES = YES;
				CLANG_WARN_SUSPICIOUS_MOVE = YES;
				CLANG_WARN_UNGUARDED_AVAILABILITY = YES_AGGRESSIVE;
				CLANG_WARN_UNREACHABLE_CODE = YES;
				CLANG_WARN__DUPLICATE_METHOD_MATCH = YES;
				CODE_SIGN_IDENTITY = "iPhone Developer";
				COPY_PHASE_STRIP = NO;
				DEBUG_INFORMATION_FORMAT = dwarf;
				ENABLE_STRICT_OBJC_MSGSEND = YES;
				ENABLE_TESTABILITY = YES;
				GCC_C_LANGUAGE_STANDARD = gnu11;
				GCC_DYNAMIC_NO_PIC = NO;
				GCC_NO_COMMON_BLOCKS = YES;
				GCC_OPTIMIZATION_LEVEL = 0;
				GCC_PREPROCESSOR_DEFINITIONS = (
					"DEBUG=1",
					"$(inherited)",
				);
				GCC_WARN_64_TO_32_BIT_CONVERSION = YES;
				GCC_WARN_ABOUT_RETURN_TYPE = YES_ERROR;
				GCC_WARN_UNDECLARED_SELECTOR = YES;
				GCC_WARN_UNINITIALIZED_AUTOS = YES_AGGRESSIVE;
				GCC_WARN_UNUSED_FUNCTION = YES;
				GCC_WARN_UNUSED_VARIABLE = YES;
				IPHONEOS_DEPLOYMENT_TARGET = 12.4;
				MTL_ENABLE_DEBUG_INFO = INCLUDE_SOURCE;
				MTL_FAST_MATH = YES;
				ONLY_ACTIVE_ARCH = YES;
				SDKROOT = iphoneos;
				SWIFT_ACTIVE_COMPILATION_CONDITIONS = DEBUG;
				SWIFT_OPTIMIZATION_LEVEL = "-Onone";
			};
			name = Debug;
		};
		764FEC83231FD39C000E6BC1 /* Release */ = {
			isa = XCBuildConfiguration;
			buildSettings = {
				ALWAYS_SEARCH_USER_PATHS = NO;
				CLANG_ANALYZER_NONNULL = YES;
				CLANG_ANALYZER_NUMBER_OBJECT_CONVERSION = YES_AGGRESSIVE;
				CLANG_CXX_LANGUAGE_STANDARD = "gnu++14";
				CLANG_CXX_LIBRARY = "libc++";
				CLANG_ENABLE_MODULES = YES;
				CLANG_ENABLE_OBJC_ARC = YES;
				CLANG_ENABLE_OBJC_WEAK = YES;
				CLANG_WARN_BLOCK_CAPTURE_AUTORELEASING = YES;
				CLANG_WARN_BOOL_CONVERSION = YES;
				CLANG_WARN_COMMA = YES;
				CLANG_WARN_CONSTANT_CONVERSION = YES;
				CLANG_WARN_DEPRECATED_OBJC_IMPLEMENTATIONS = YES;
				CLANG_WARN_DIRECT_OBJC_ISA_USAGE = YES_ERROR;
				CLANG_WARN_DOCUMENTATION_COMMENTS = YES;
				CLANG_WARN_EMPTY_BODY = YES;
				CLANG_WARN_ENUM_CONVERSION = YES;
				CLANG_WARN_INFINITE_RECURSION = YES;
				CLANG_WARN_INT_CONVERSION = YES;
				CLANG_WARN_NON_LITERAL_NULL_CONVERSION = YES;
				CLANG_WARN_OBJC_IMPLICIT_RETAIN_SELF = YES;
				CLANG_WARN_OBJC_LITERAL_CONVERSION = YES;
				CLANG_WARN_OBJC_ROOT_CLASS = YES_ERROR;
				CLANG_WARN_RANGE_LOOP_ANALYSIS = YES;
				CLANG_WARN_STRICT_PROTOTYPES = YES;
				CLANG_WARN_SUSPICIOUS_MOVE = YES;
				CLANG_WARN_UNGUARDED_AVAILABILITY = YES_AGGRESSIVE;
				CLANG_WARN_UNREACHABLE_CODE = YES;
				CLANG_WARN__DUPLICATE_METHOD_MATCH = YES;
				CODE_SIGN_IDENTITY = "iPhone Developer";
				COPY_PHASE_STRIP = NO;
				DEBUG_INFORMATION_FORMAT = "dwarf-with-dsym";
				ENABLE_NS_ASSERTIONS = NO;
				ENABLE_STRICT_OBJC_MSGSEND = YES;
				GCC_C_LANGUAGE_STANDARD = gnu11;
				GCC_NO_COMMON_BLOCKS = YES;
				GCC_WARN_64_TO_32_BIT_CONVERSION = YES;
				GCC_WARN_ABOUT_RETURN_TYPE = YES_ERROR;
				GCC_WARN_UNDECLARED_SELECTOR = YES;
				GCC_WARN_UNINITIALIZED_AUTOS = YES_AGGRESSIVE;
				GCC_WARN_UNUSED_FUNCTION = YES;
				GCC_WARN_UNUSED_VARIABLE = YES;
				IPHONEOS_DEPLOYMENT_TARGET = 12.4;
				MTL_ENABLE_DEBUG_INFO = NO;
				MTL_FAST_MATH = YES;
				SDKROOT = iphoneos;
				SWIFT_COMPILATION_MODE = wholemodule;
				SWIFT_OPTIMIZATION_LEVEL = "-O";
				VALIDATE_PRODUCT = YES;
			};
			name = Release;
		};
		764FEC85231FD39C000E6BC1 /* Debug */ = {
			isa = XCBuildConfiguration;
			baseConfigurationReference = DC69A194D2AF370F27D9F79C /* Pods-StarWarsMovies.debug.xcconfig */;
			buildSettings = {
				ASSETCATALOG_COMPILER_APPICON_NAME = AppIcon;
				CODE_SIGN_STYLE = Automatic;
				DEVELOPMENT_TEAM = C6UHU744MV;
				INFOPLIST_FILE = "$(SRCROOT)/StarWarsMovies/Info.plist";
				LD_RUNPATH_SEARCH_PATHS = (
					"$(inherited)",
					"@executable_path/Frameworks",
				);
				PRODUCT_BUNDLE_IDENTIFIER = com.rpelayo.SWAPI2;
				PRODUCT_NAME = "$(TARGET_NAME)";
				SWIFT_VERSION = 5.0;
				TARGETED_DEVICE_FAMILY = 1;
			};
			name = Debug;
		};
		764FEC86231FD39C000E6BC1 /* Release */ = {
			isa = XCBuildConfiguration;
			baseConfigurationReference = FC7FF7FD14FF419F9D6EAA69 /* Pods-StarWarsMovies.release.xcconfig */;
			buildSettings = {
				ASSETCATALOG_COMPILER_APPICON_NAME = AppIcon;
				CODE_SIGN_STYLE = Automatic;
				DEVELOPMENT_TEAM = C6UHU744MV;
				INFOPLIST_FILE = "$(SRCROOT)/StarWarsMovies/Info.plist";
				LD_RUNPATH_SEARCH_PATHS = (
					"$(inherited)",
					"@executable_path/Frameworks",
				);
				PRODUCT_BUNDLE_IDENTIFIER = com.rpelayo.SWAPI2;
				PRODUCT_NAME = "$(TARGET_NAME)";
				SWIFT_VERSION = 5.0;
				TARGETED_DEVICE_FAMILY = 1;
			};
			name = Release;
		};
/* End XCBuildConfiguration section */

/* Begin XCConfigurationList section */
		764FEC6D231FD39A000E6BC1 /* Build configuration list for PBXProject "StarWarsMovies" */ = {
			isa = XCConfigurationList;
			buildConfigurations = (
				764FEC82231FD39C000E6BC1 /* Debug */,
				764FEC83231FD39C000E6BC1 /* Release */,
			);
			defaultConfigurationIsVisible = 0;
			defaultConfigurationName = Release;
		};
		764FEC84231FD39C000E6BC1 /* Build configuration list for PBXNativeTarget "StarWarsMovies" */ = {
			isa = XCConfigurationList;
			buildConfigurations = (
				764FEC85231FD39C000E6BC1 /* Debug */,
				764FEC86231FD39C000E6BC1 /* Release */,
			);
			defaultConfigurationIsVisible = 0;
			defaultConfigurationName = Release;
		};
/* End XCConfigurationList section */
	};
	rootObject = 764FEC6A231FD39A000E6BC1 /* Project object */;
}
